
Microsoft Visual Studio Solution File, Format Version 12.00
# Visual Studio Version 17
VisualStudioVersion = 17.10.34707.107
MinimumVisualStudioVersion = 10.0.40219.1
Project("{9A19103F-16F7-4668-BE54-9A1E7A4F7556}") = "SnakeCore", "..\SnakeCore\SnakeCore.csproj", "{EB76CA44-8C96-4FB8-928A-DACD68CFA641}"
EndProject
Global
	GlobalSection(SolutionConfigurationPlatforms) = preSolution
		Debug|Any CPU = Debug|Any CPU
		Debug|x86 = Debug|x86
		Release|Any CPU = Release|Any CPU
		Release|x86 = Release|x86
	EndGlobalSection
	GlobalSection(ProjectConfigurationPlatforms) = postSolution
		{EB76CA44-8C96-4FB8-928A-DACD68CFA641}.Debug|Any CPU.ActiveCfg = Debug|Any CPU
		{EB76CA44-8C96-4FB8-928A-DACD68CFA641}.Debug|Any CPU.Build.0 = Debug|Any CPU
		{EB76CA44-8C96-4FB8-928A-DACD68CFA641}.Debug|x86.ActiveCfg = Debug|Any CPU
		{EB76CA44-8C96-4FB8-928A-DACD68CFA641}.Debug|x86.Build.0 = Debug|Any CPU
		{EB76CA44-8C96-4FB8-928A-DACD68CFA641}.Release|Any CPU.ActiveCfg = Release|Any CPU
		{EB76CA44-8C96-4FB8-928A-DACD68CFA641}.Release|Any CPU.Build.0 = Release|Any CPU
		{EB76CA44-8C96-4FB8-928A-DACD68CFA641}.Release|x86.ActiveCfg = Release|Any CPU
		{EB76CA44-8C96-4FB8-928A-DACD68CFA641}.Release|x86.Build.0 = Release|Any CPU
	EndGlobalSection
	GlobalSection(SolutionProperties) = preSolution
		HideSolutionNode = FALSE
	EndGlobalSection
	GlobalSection(ExtensibilityGlobals) = postSolution
		SolutionGuid = {1D4E5182-6C6D-445B-83C2-CF63CF24A154}
	EndGlobalSection
EndGlobal
